{"version":4,"terraform_version":"1.10.6","serial":4,"lineage":"dc1cac4f-c8f6-f4f4-545d-4d8cf549c7cc","outputs":{"api_url":{"value":"http://localhost:4000","type":"string"}},"resources":[{"mode":"managed","type":"docker_container","name":"postgres","provider":"provider[\"registry.opentofu.org/kreuzwerker/docker\"]","instances":[{"schema_version":2,"attributes":{"attach":false,"bridge":"","capabilities":[],"cgroup_parent":null,"cgroupns_mode":null,"command":["postgres"],"container_logs":null,"container_read_refresh_timeout_milliseconds":15000,"cpu_period":null,"cpu_quota":null,"cpu_set":"","cpu_shares":0,"cpus":null,"destroy_grace_seconds":null,"devices":[],"dns":[],"dns_opts":[],"dns_search":[],"domainname":"","entrypoint":["docker-entrypoint.sh"],"env":["POSTGRES_DB=tpdb","POSTGRES_PASSWORD=appsecret","POSTGRES_USER=app"],"exit_code":null,"gpus":null,"group_add":[],"healthcheck":[],"host":[],"hostname":"cc137942bb9a","id":"cc137942bb9a1035c3afd4cdde76e9d587c6b254c2625fc4a45554685a4d35ac","image":"postgres:16-alpine","init":false,"ipc_mode":"private","labels":[],"log_driver":"json-file","log_opts":{},"logs":false,"max_retry_count":0,"memory":0,"memory_reservation":0,"memory_swap":0,"mounts":[{"bind_options":[],"read_only":false,"source":"tp_pg_data","target":"/var/lib/postgresql/data","tmpfs_options":[],"type":"volume","volume_options":[]}],"must_run":true,"name":"tp_pg","network_data":[{"gateway":"172.22.0.1","global_ipv6_address":"","global_ipv6_prefix_length":0,"ip_address":"172.22.0.3","ip_prefix_length":16,"ipv6_gateway":"","mac_address":"a2:ea:46:5e:9c:05","network_name":"tp_net"}],"network_mode":"bridge","networks_advanced":[{"aliases":[],"ipv4_address":"","ipv6_address":"","mac_address":"","name":"tp_net"}],"pid_mode":"","ports":[],"privileged":false,"publish_all_ports":false,"read_only":false,"remove_volumes":true,"restart":"no","rm":false,"runtime":"runc","security_opts":[],"shm_size":64,"start":true,"stdin_open":false,"stop_signal":"SIGINT","stop_timeout":1,"storage_opts":{},"sysctls":{},"tmpfs":{},"tty":false,"ulimit":[],"upload":[],"user":"","userns_mode":"","volumes":[],"wait":false,"wait_timeout":60,"working_dir":"/"},"sensitive_attributes":[],"private":"eyJzY2hlbWFfdmVyc2lvbiI6IjIifQ==","dependencies":["docker_network.net","docker_volume.pg_data"]}]},{"mode":"managed","type":"docker_container","name":"redis","provider":"provider[\"registry.opentofu.org/kreuzwerker/docker\"]","instances":[{"schema_version":2,"attributes":{"attach":false,"bridge":"","capabilities":[],"cgroup_parent":null,"cgroupns_mode":null,"command":["redis-server","--appendonly","yes"],"container_logs":null,"container_read_refresh_timeout_milliseconds":15000,"cpu_period":null,"cpu_quota":null,"cpu_set":"","cpu_shares":0,"cpus":null,"destroy_grace_seconds":null,"devices":[],"dns":[],"dns_opts":[],"dns_search":[],"domainname":"","entrypoint":["docker-entrypoint.sh"],"env":[],"exit_code":null,"gpus":null,"group_add":[],"healthcheck":[],"host":[],"hostname":"54b795e3e861","id":"54b795e3e86163b30818ca17ba693555c4ce0683ba8d795b2d14ba26baa8a8b6","image":"redis:7-alpine","init":false,"ipc_mode":"private","labels":[],"log_driver":"json-file","log_opts":{},"logs":false,"max_retry_count":0,"memory":0,"memory_reservation":0,"memory_swap":0,"mounts":[{"bind_options":[],"read_only":false,"source":"tp_redis_data","target":"/data","tmpfs_options":[],"type":"volume","volume_options":[]}],"must_run":true,"name":"tp_redis","network_data":[{"gateway":"172.22.0.1","global_ipv6_address":"","global_ipv6_prefix_length":0,"ip_address":"172.22.0.2","ip_prefix_length":16,"ipv6_gateway":"","mac_address":"0e:57:c3:3d:b2:c7","network_name":"tp_net"}],"network_mode":"bridge","networks_advanced":[{"aliases":[],"ipv4_address":"","ipv6_address":"","mac_address":"","name":"tp_net"}],"pid_mode":"","ports":[],"privileged":false,"publish_all_ports":false,"read_only":false,"remove_volumes":true,"restart":"no","rm":false,"runtime":"runc","security_opts":[],"shm_size":64,"start":true,"stdin_open":false,"stop_signal":"","stop_timeout":1,"storage_opts":{},"sysctls":{},"tmpfs":{},"tty":false,"ulimit":[],"upload":[],"user":"","userns_mode":"","volumes":[],"wait":false,"wait_timeout":60,"working_dir":"/data"},"sensitive_attributes":[],"private":"eyJzY2hlbWFfdmVyc2lvbiI6IjIifQ==","dependencies":["docker_network.net","docker_volume.redis_data"]}]},{"mode":"managed","type":"docker_network","name":"net","provider":"provider[\"registry.opentofu.org/kreuzwerker/docker\"]","instances":[{"schema_version":1,"attributes":{"attachable":false,"check_duplicate":null,"driver":"bridge","id":"f65d84bfb034010b4dc454c4e1128831dea6796e6aba624c063491cfc314a5f4","ingress":false,"internal":false,"ipam_config":[{"aux_address":{},"gateway":"172.22.0.1","ip_range":"","subnet":"172.22.0.0/16"}],"ipam_driver":"default","ipam_options":{},"ipv6":false,"labels":[],"name":"tp_net","options":{"com.docker.network.enable_ipv4":"true","com.docker.network.enable_ipv6":"false"},"scope":"local"},"sensitive_attributes":[],"private":"eyJzY2hlbWFfdmVyc2lvbiI6IjEifQ=="}]},{"mode":"managed","type":"docker_volume","name":"pg_data","provider":"provider[\"registry.opentofu.org/kreuzwerker/docker\"]","instances":[{"schema_version":1,"attributes":{"cluster":[],"driver":"local","driver_opts":{},"id":"tp_pg_data","labels":[],"mountpoint":"/var/lib/docker/volumes/tp_pg_data/_data","name":"tp_pg_data"},"sensitive_attributes":[],"private":"eyJzY2hlbWFfdmVyc2lvbiI6IjEifQ=="}]},{"mode":"managed","type":"docker_volume","name":"redis_data","provider":"provider[\"registry.opentofu.org/kreuzwerker/docker\"]","instances":[{"schema_version":1,"attributes":{"cluster":[],"driver":"local","driver_opts":{},"id":"tp_redis_data","labels":[],"mountpoint":"/var/lib/docker/volumes/tp_redis_data/_data","name":"tp_redis_data"},"sensitive_attributes":[],"private":"eyJzY2hlbWFfdmVyc2lvbiI6IjEifQ=="}]}],"check_results":null}
